<?xml version="1.0" encoding="utf-8"?>
<Project ToolsVersion="4.0" xmlns="http://schemas.microsoft.com/developer/msbuild/2003">
  <ItemGroup>
    <Filter Include="リソース ファイル">
      <UniqueIdentifier>{67DA6AB6-F800-4c08-8B7A-83BB121AAD01}</UniqueIdentifier>
      <Extensions>rc;ico;cur;bmp;dlg;rc2;rct;bin;rgs;gif;jpg;jpeg;jpe;resx;tiff;tif;png;wav;mfcribbon-ms</Extensions>
    </Filter>
    <Filter Include="program">
      <UniqueIdentifier>{4FC737F1-C7A5-4376-A066-2A32D752A2FF}</UniqueIdentifier>
      <Extensions>cpp;c;cc;cxx;c++;cppm;ixx;def;odl;idl;hpj;bat;asm;asmx</Extensions>
    </Filter>
    <Filter Include="program\[000] library">
      <UniqueIdentifier>{09672401-4fc2-4734-b792-36b80c770b80}</UniqueIdentifier>
    </Filter>
    <Filter Include="program\[001] dxlib_ext">
      <UniqueIdentifier>{413cd02b-9e9c-4380-878e-8de31d0aa61f}</UniqueIdentifier>
    </Filter>
    <Filter Include="program\[003] game">
      <UniqueIdentifier>{6febca5b-94b9-462e-9667-612e572524b1}</UniqueIdentifier>
    </Filter>
    <Filter Include="program\[001] dxlib_ext\create_mesh">
      <UniqueIdentifier>{11d8e443-8d64-409c-92f1-6895cd2dbbce}</UniqueIdentifier>
    </Filter>
    <Filter Include="program\[003] game\common">
      <UniqueIdentifier>{445b0a0c-1188-4247-95d9-cb60e00b2d0b}</UniqueIdentifier>
    </Filter>
    <Filter Include="program\[003] game\scene">
      <UniqueIdentifier>{6b5e6d5b-847d-4406-b82e-7809eb0e9ca9}</UniqueIdentifier>
    </Filter>
    <Filter Include="program\[003] game\character">
      <UniqueIdentifier>{604ecaec-162b-4ce2-921c-b1a80fda2d17}</UniqueIdentifier>
    </Filter>
    <Filter Include="program\[003] game\character\player">
      <UniqueIdentifier>{14f60ddf-bd1f-43ac-99b5-2fff2c46a7f9}</UniqueIdentifier>
    </Filter>
    <Filter Include="program\[003] game\object">
      <UniqueIdentifier>{68a74cbf-7e2c-4f53-a4b0-bcede1eb8672}</UniqueIdentifier>
    </Filter>
  </ItemGroup>
  <ItemGroup>
    <ClCompile Include="ManagedDxlGame.cpp">
      <Filter>program</Filter>
    </ClCompile>
    <ClCompile Include="program\library\tnl_font_texture.cpp">
      <Filter>program\[000] library</Filter>
    </ClCompile>
    <ClCompile Include="program\library\tnl_input.cpp">
      <Filter>program\[000] library</Filter>
    </ClCompile>
    <ClCompile Include="program\library\tnl_intersect.cpp">
      <Filter>program\[000] library</Filter>
    </ClCompile>
    <ClCompile Include="program\library\tnl_math.cpp">
      <Filter>program\[000] library</Filter>
    </ClCompile>
    <ClCompile Include="program\library\tnl_matrix.cpp">
      <Filter>program\[000] library</Filter>
    </ClCompile>
    <ClCompile Include="program\library\tnl_quaternion.cpp">
      <Filter>program\[000] library</Filter>
    </ClCompile>
    <ClCompile Include="program\library\tnl_seek_unit.cpp">
      <Filter>program\[000] library</Filter>
    </ClCompile>
    <ClCompile Include="program\library\tnl_util.cpp">
      <Filter>program\[000] library</Filter>
    </ClCompile>
    <ClCompile Include="program\library\tnl_vector.cpp">
      <Filter>program\[000] library</Filter>
    </ClCompile>
    <ClCompile Include="program\dxlib_ext\dxlib_ext.cpp">
      <Filter>program\[001] dxlib_ext</Filter>
    </ClCompile>
    <ClCompile Include="program\dxlib_ext\dxlib_ext_data.cpp">
      <Filter>program\[001] dxlib_ext</Filter>
    </ClCompile>
    <ClCompile Include="program\dxlib_ext\dxlib_ext_mesh.cpp">
      <Filter>program\[001] dxlib_ext</Filter>
    </ClCompile>
    <ClCompile Include="program\dxlib_ext\dxlib_ext_texture.cpp">
      <Filter>program\[001] dxlib_ext</Filter>
    </ClCompile>
    <ClCompile Include="program\dxlib_ext\OBJLoader.cpp">
      <Filter>program\[001] dxlib_ext</Filter>
    </ClCompile>
    <ClCompile Include="program\dxlib_ext\create_mesh\dxlib_ext_mesh_barrel.cpp">
      <Filter>program\[001] dxlib_ext\create_mesh</Filter>
    </ClCompile>
    <ClCompile Include="program\dxlib_ext\create_mesh\dxlib_ext_mesh_box.cpp">
      <Filter>program\[001] dxlib_ext\create_mesh</Filter>
    </ClCompile>
    <ClCompile Include="program\dxlib_ext\create_mesh\dxlib_ext_mesh_cone.cpp">
      <Filter>program\[001] dxlib_ext\create_mesh</Filter>
    </ClCompile>
    <ClCompile Include="program\dxlib_ext\create_mesh\dxlib_ext_mesh_cone_cylinder.cpp">
      <Filter>program\[001] dxlib_ext\create_mesh</Filter>
    </ClCompile>
    <ClCompile Include="program\dxlib_ext\create_mesh\dxlib_ext_mesh_cylinder.cpp">
      <Filter>program\[001] dxlib_ext\create_mesh</Filter>
    </ClCompile>
    <ClCompile Include="program\dxlib_ext\create_mesh\dxlib_ext_mesh_disk.cpp">
      <Filter>program\[001] dxlib_ext\create_mesh</Filter>
    </ClCompile>
    <ClCompile Include="program\dxlib_ext\create_mesh\dxlib_ext_mesh_disk_ring.cpp">
      <Filter>program\[001] dxlib_ext\create_mesh</Filter>
    </ClCompile>
    <ClCompile Include="program\dxlib_ext\create_mesh\dxlib_ext_mesh_dome.cpp">
      <Filter>program\[001] dxlib_ext\create_mesh</Filter>
    </ClCompile>
    <ClCompile Include="program\dxlib_ext\create_mesh\dxlib_ext_mesh_from_height_map.cpp">
      <Filter>program\[001] dxlib_ext\create_mesh</Filter>
    </ClCompile>
    <ClCompile Include="program\dxlib_ext\create_mesh\dxlib_ext_mesh_half_barrel.cpp">
      <Filter>program\[001] dxlib_ext\create_mesh</Filter>
    </ClCompile>
    <ClCompile Include="program\dxlib_ext\create_mesh\dxlib_ext_mesh_obj.cpp">
      <Filter>program\[001] dxlib_ext\create_mesh</Filter>
    </ClCompile>
    <ClCompile Include="program\dxlib_ext\create_mesh\dxlib_ext_mesh_plane.cpp">
      <Filter>program\[001] dxlib_ext\create_mesh</Filter>
    </ClCompile>
    <ClCompile Include="program\dxlib_ext\create_mesh\dxlib_ext_mesh_sphere.cpp">
      <Filter>program\[001] dxlib_ext\create_mesh</Filter>
    </ClCompile>
    <ClCompile Include="program\dxlib_ext\create_mesh\dxlib_ext_mesh_torus.cpp">
      <Filter>program\[001] dxlib_ext\create_mesh</Filter>
    </ClCompile>
    <ClCompile Include="program\dxlib_ext\create_mesh\dxlib_ext_mesh_triangle_equilateral.cpp">
      <Filter>program\[001] dxlib_ext\create_mesh</Filter>
    </ClCompile>
    <ClCompile Include="program\dxlib_ext\create_mesh\dxlib_ext_mesh_triangle_isosceles.cpp">
      <Filter>program\[001] dxlib_ext\create_mesh</Filter>
    </ClCompile>
    <ClCompile Include="program\dxlib_ext\create_mesh\dxlib_ext_mesh_triangle_right.cpp">
      <Filter>program\[001] dxlib_ext\create_mesh</Filter>
    </ClCompile>
    <ClCompile Include="program\game\gm_main.cpp">
      <Filter>program\[003] game</Filter>
    </ClCompile>
    <ClCompile Include="program\dxlib_ext\create_mesh\dxlib_ext_mesh_hollow_out_disk_plane.cpp">
      <Filter>program\[001] dxlib_ext\create_mesh</Filter>
    </ClCompile>
    <ClCompile Include="program\library\json11.cpp">
      <Filter>program\[000] library</Filter>
    </ClCompile>
    <ClCompile Include="program\library\tnl_inclution_owner_locked.cpp">
      <Filter>program\[000] library</Filter>
    </ClCompile>
    <ClCompile Include="program\library\tnl_instance.cpp">
      <Filter>program\[000] library</Filter>
    </ClCompile>
    <ClCompile Include="program\game\scene_base.cpp">
      <Filter>program\[003] game\common</Filter>
    </ClCompile>
    <ClCompile Include="program\game\scene_title.cpp">
      <Filter>program\[003] game\scene</Filter>
    </ClCompile>
    <ClCompile Include="program\game\scene_play.cpp">
      <Filter>program\[003] game\scene</Filter>
    </ClCompile>
    <ClCompile Include="program\game\scene_result.cpp">
      <Filter>program\[003] game\scene</Filter>
    </ClCompile>
    <ClCompile Include="program\game\gamemamager.cpp">
      <Filter>program\[003] game\common</Filter>
    </ClCompile>
    <ClCompile Include="program\game\player.cpp">
      <Filter>program\[003] game\character\player</Filter>
    </ClCompile>
    <ClCompile Include="program\game\map.cpp">
      <Filter>program\[003] game\object</Filter>
    </ClCompile>
    <ClCompile Include="program\game\character.cpp">
      <Filter>program\[003] game\common</Filter>
    </ClCompile>
    <ClCompile Include="program\game\hitcheck.cpp">
      <Filter>program\[003] game\object</Filter>
    </ClCompile>
    <ClCompile Include="program\game\camera.cpp">
      <Filter>program\[003] game\object</Filter>
    </ClCompile>
    <ClCompile Include="program\game\enemy.cpp">
      <Filter>program\[003] game\character</Filter>
    </ClCompile>
    <ClCompile Include="program\game\background.cpp">
      <Filter>program\[003] game\object</Filter>
    </ClCompile>
    <ClCompile Include="program\game\goal.cpp">
      <Filter>program\[003] game\object</Filter>
    </ClCompile>
    <ClCompile Include="program\game\time.cpp">
      <Filter>program\[003] game\object</Filter>
    </ClCompile>
    <ClCompile Include="program\game\score.cpp">
      <Filter>program\[003] game\object</Filter>
    </ClCompile>
  </ItemGroup>
  <ItemGroup>
    <ResourceCompile Include="ManagedDxlGame.rc">
      <Filter>リソース ファイル</Filter>
    </ResourceCompile>
  </ItemGroup>
  <ItemGroup>
    <Image Include="small.ico">
      <Filter>リソース ファイル</Filter>
    </Image>
    <Image Include="ManagedDxlGame.ico">
      <Filter>リソース ファイル</Filter>
    </Image>
  </ItemGroup>
  <ItemGroup>
    <ClInclude Include="program\library\stb_image.h">
      <Filter>program\[000] library</Filter>
    </ClInclude>
    <ClInclude Include="program\library\tnl_font_texture.h">
      <Filter>program\[000] library</Filter>
    </ClInclude>
    <ClInclude Include="program\library\tnl_hierarchy_tree.h">
      <Filter>program\[000] library</Filter>
    </ClInclude>
    <ClInclude Include="program\library\tnl_input.h">
      <Filter>program\[000] library</Filter>
    </ClInclude>
    <ClInclude Include="program\library\tnl_intersect.h">
      <Filter>program\[000] library</Filter>
    </ClInclude>
    <ClInclude Include="program\library\tnl_link_linear.h">
      <Filter>program\[000] library</Filter>
    </ClInclude>
    <ClInclude Include="program\library\tnl_math.h">
      <Filter>program\[000] library</Filter>
    </ClInclude>
    <ClInclude Include="program\library\tnl_matrix.h">
      <Filter>program\[000] library</Filter>
    </ClInclude>
    <ClInclude Include="program\library\tnl_quaternion.h">
      <Filter>program\[000] library</Filter>
    </ClInclude>
    <ClInclude Include="program\library\tnl_seek_unit.h">
      <Filter>program\[000] library</Filter>
    </ClInclude>
    <ClInclude Include="program\library\tnl_sequence.h">
      <Filter>program\[000] library</Filter>
    </ClInclude>
    <ClInclude Include="program\library\tnl_shared_factory.h">
      <Filter>program\[000] library</Filter>
    </ClInclude>
    <ClInclude Include="program\library\tnl_timer_callback.h">
      <Filter>program\[000] library</Filter>
    </ClInclude>
    <ClInclude Include="program\library\tnl_timer_fluct.h">
      <Filter>program\[000] library</Filter>
    </ClInclude>
    <ClInclude Include="program\library\tnl_using.h">
      <Filter>program\[000] library</Filter>
    </ClInclude>
    <ClInclude Include="program\library\tnl_util.h">
      <Filter>program\[000] library</Filter>
    </ClInclude>
    <ClInclude Include="program\library\tnl_vector.h">
      <Filter>program\[000] library</Filter>
    </ClInclude>
    <ClInclude Include="program\dxlib_ext\dxlib_ext.h">
      <Filter>program\[001] dxlib_ext</Filter>
    </ClInclude>
    <ClInclude Include="program\dxlib_ext\dxlib_ext_camera.h">
      <Filter>program\[001] dxlib_ext</Filter>
    </ClInclude>
    <ClInclude Include="program\dxlib_ext\dxlib_ext_data.h">
      <Filter>program\[001] dxlib_ext</Filter>
    </ClInclude>
    <ClInclude Include="program\dxlib_ext\dxlib_ext_mesh.h">
      <Filter>program\[001] dxlib_ext</Filter>
    </ClInclude>
    <ClInclude Include="program\dxlib_ext\dxlib_ext_render_param.h">
      <Filter>program\[001] dxlib_ext</Filter>
    </ClInclude>
    <ClInclude Include="program\dxlib_ext\dxlib_ext_texture.h">
      <Filter>program\[001] dxlib_ext</Filter>
    </ClInclude>
    <ClInclude Include="program\dxlib_ext\OBJLoader.h">
      <Filter>program\[001] dxlib_ext</Filter>
    </ClInclude>
    <ClInclude Include="program\game\gm_main.h">
      <Filter>program\[003] game</Filter>
    </ClInclude>
    <ClInclude Include="program\dxlib_ext\dxlib_ext_mesh_desc.h">
      <Filter>program\[001] dxlib_ext</Filter>
    </ClInclude>
    <ClInclude Include="program\library\json11.hpp">
      <Filter>program\[000] library</Filter>
    </ClInclude>
    <ClInclude Include="program\library\tnl_inclution_owner_locked.h">
      <Filter>program\[000] library</Filter>
    </ClInclude>
    <ClInclude Include="program\library\tnl_instance.h">
      <Filter>program\[000] library</Filter>
    </ClInclude>
    <ClInclude Include="program\game\scene_base.h">
      <Filter>program\[003] game\common</Filter>
    </ClInclude>
    <ClInclude Include="program\game\scene_title.h">
      <Filter>program\[003] game\scene</Filter>
    </ClInclude>
    <ClInclude Include="program\game\scene_play.h">
      <Filter>program\[003] game\scene</Filter>
    </ClInclude>
    <ClInclude Include="program\game\scene_result.h">
      <Filter>program\[003] game\scene</Filter>
    </ClInclude>
    <ClInclude Include="program\game\gamemanager.h">
      <Filter>program\[003] game\common</Filter>
    </ClInclude>
    <ClInclude Include="program\game\player.h">
      <Filter>program\[003] game\character\player</Filter>
    </ClInclude>
    <ClInclude Include="program\game\map.h">
      <Filter>program\[003] game\object</Filter>
    </ClInclude>
    <ClInclude Include="program\game\character.h">
      <Filter>program\[003] game\common</Filter>
    </ClInclude>
    <ClInclude Include="program\game\hitcheck.h">
      <Filter>program\[003] game\object</Filter>
    </ClInclude>
    <ClInclude Include="program\game\camera.h">
      <Filter>program\[003] game\object</Filter>
    </ClInclude>
    <ClInclude Include="program\game\enemy.h">
      <Filter>program\[003] game\character</Filter>
    </ClInclude>
    <ClInclude Include="program\game\background.h">
      <Filter>program\[003] game\object</Filter>
    </ClInclude>
    <ClInclude Include="program\game\goal.h">
      <Filter>program\[003] game\object</Filter>
    </ClInclude>
    <ClInclude Include="program\game\time.h">
      <Filter>program\[003] game\object</Filter>
    </ClInclude>
    <ClInclude Include="program\game\score.h">
      <Filter>program\[003] game\object</Filter>
    </ClInclude>
  </ItemGroup>
</Project>